
Microsoft Visual Studio Solution File, Format Version 12.00
# Visual Studio Version 17
VisualStudioVersion = 17.4.33110.190
MinimumVisualStudioVersion = 10.0.40219.1
Project("{FAE04EC0-301F-11D3-BF4B-00C04F79EFBC}") = "DesignPatternFactory", "DesignPatternFactory.csproj", "{54CAEA03-AAC7-4175-A1C6-734210F12AED}"
EndProject
Global
	GlobalSection(SolutionConfigurationPlatforms) = preSolution
		Debug|Any CPU = Debug|Any CPU
		Release|Any CPU = Release|Any CPU
	EndGlobalSection
	GlobalSection(ProjectConfigurationPlatforms) = postSolution
		{54CAEA03-AAC7-4175-A1C6-734210F12AED}.Debug|Any CPU.ActiveCfg = Debug|Any CPU
		{54CAEA03-AAC7-4175-A1C6-734210F12AED}.Debug|Any CPU.Build.0 = Debug|Any CPU
		{54CAEA03-AAC7-4175-A1C6-734210F12AED}.Release|Any CPU.ActiveCfg = Release|Any CPU
		{54CAEA03-AAC7-4175-A1C6-734210F12AED}.Release|Any CPU.Build.0 = Release|Any CPU
	EndGlobalSection
	GlobalSection(SolutionProperties) = preSolution
		HideSolutionNode = FALSE
	EndGlobalSection
	GlobalSection(ExtensibilityGlobals) = postSolution
		SolutionGuid = {C780DBCD-C863-4C14-A0E1-ABCC95E4263D}
	EndGlobalSection
EndGlobal
